// !$*UTF8*$!
{
	archiveVersion = 1;
	classes = {
	};
	objectVersion = 46;
	objects = {

/* Begin PBXBuildFile section */
		4AAA04491AEAB4E900352ABA /* main.m in Sources */ = {isa = PBXBuildFile; fileRef = 4AAA04481AEAB4E900352ABA /* main.m */; };
		4AAA044C1AEAB4E900352ABA /* AppDelegate.m in Sources */ = {isa = PBXBuildFile; fileRef = 4AAA044B1AEAB4E900352ABA /* AppDelegate.m */; };
		4AAA044E1AEAB4E900352ABA /* Images.xcassets in Resources */ = {isa = PBXBuildFile; fileRef = 4AAA044D1AEAB4E900352ABA /* Images.xcassets */; };
		4AAA04511AEAB4E900352ABA /* LaunchScreen.xib in Resources */ = {isa = PBXBuildFile; fileRef = 4AAA044F1AEAB4E900352ABA /* LaunchScreen.xib */; };
		4AAA045D1AEAB4E900352ABA /* DinoPuzzleKidsTests.m in Sources */ = {isa = PBXBuildFile; fileRef = 4AAA045C1AEAB4E900352ABA /* DinoPuzzleKidsTests.m */; };
		4AAA04991AEAB52000352ABA /* background.mp3 in Resources */ = {isa = PBXBuildFile; fileRef = 4AAA04661AEAB52000352ABA /* background.mp3 */; };
		4AAA049A1AEAB52000352ABA /* base-@2x.png in Resources */ = {isa = PBXBuildFile; fileRef = 4AAA04671AEAB52000352ABA /* base-@2x.png */; };
		4AAA049C1AEAB52000352ABA /* bot_b.png in Resources */ = {isa = PBXBuildFile; fileRef = 4AAA04691AEAB52000352ABA /* bot_b.png */; };
		4AAA049D1AEAB52000352ABA /* bot_c.png in Resources */ = {isa = PBXBuildFile; fileRef = 4AAA046A1AEAB52000352ABA /* bot_c.png */; };
		4AAA049E1AEAB52000352ABA /* bot_d.png in Resources */ = {isa = PBXBuildFile; fileRef = 4AAA046B1AEAB52000352ABA /* bot_d.png */; };
		4AAA049F1AEAB52000352ABA /* bot_e.png in Resources */ = {isa = PBXBuildFile; fileRef = 4AAA046C1AEAB52000352ABA /* bot_e.png */; };
		4AAA04A01AEAB52000352ABA /* bot_g1.png in Resources */ = {isa = PBXBuildFile; fileRef = 4AAA046D1AEAB52000352ABA /* bot_g1.png */; };
		4AAA04A11AEAB52000352ABA /* bot_g2.png in Resources */ = {isa = PBXBuildFile; fileRef = 4AAA046E1AEAB52000352ABA /* bot_g2.png */; };
		4AAA04A21AEAB52000352ABA /* bot_reset.png in Resources */ = {isa = PBXBuildFile; fileRef = 4AAA046F1AEAB52000352ABA /* bot_reset.png */; };
		4AAA04A31AEAB52000352ABA /* cenario.png in Resources */ = {isa = PBXBuildFile; fileRef = 4AAA04701AEAB52000352ABA /* cenario.png */; };
		4AAA04AB1AEAB52000352ABA /* dino1.png in Resources */ = {isa = PBXBuildFile; fileRef = 4AAA047E1AEAB52000352ABA /* dino1.png */; };
		4AAA04AC1AEAB52000352ABA /* dino2.png in Resources */ = {isa = PBXBuildFile; fileRef = 4AAA047F1AEAB52000352ABA /* dino2.png */; };
		4AAA04AD1AEAB52000352ABA /* dino3.png in Resources */ = {isa = PBXBuildFile; fileRef = 4AAA04801AEAB52000352ABA /* dino3.png */; };
		4AAA04AE1AEAB52000352ABA /* encaixe.mp3 in Resources */ = {isa = PBXBuildFile; fileRef = 4AAA04811AEAB52000352ABA /* encaixe.mp3 */; };
		4AAA04AF1AEAB52000352ABA /* foo.ttf in Resources */ = {isa = PBXBuildFile; fileRef = 4AAA04821AEAB52000352ABA /* foo.ttf */; };
		4AAA04B11AEAB52000352ABA /* IconeApp.png in Resources */ = {isa = PBXBuildFile; fileRef = 4AAA04841AEAB52000352ABA /* IconeApp.png */; };
		4AAA04B51AEAB52000352ABA /* ImageViewController.m in Sources */ = {isa = PBXBuildFile; fileRef = 4AAA04891AEAB52000352ABA /* ImageViewController.m */; };
		4AAA04B61AEAB52000352ABA /* ImageViewController.xib in Resources */ = {isa = PBXBuildFile; fileRef = 4AAA048A1AEAB52000352ABA /* ImageViewController.xib */; };
		4AAA04BB1AEAB52000352ABA /* logo 4.png in Resources */ = {isa = PBXBuildFile; fileRef = 4AAA04901AEAB52000352ABA /* logo 4.png */; };
		4AAA04BF1AEAB52000352ABA /* sombra_dino1.png in Resources */ = {isa = PBXBuildFile; fileRef = 4AAA04941AEAB52000352ABA /* sombra_dino1.png */; };
		4AAA04C01AEAB52000352ABA /* sombra_dino2.png in Resources */ = {isa = PBXBuildFile; fileRef = 4AAA04951AEAB52000352ABA /* sombra_dino2.png */; };
		4AAA04C11AEAB52000352ABA /* sombra_dino3.png in Resources */ = {isa = PBXBuildFile; fileRef = 4AAA04961AEAB52000352ABA /* sombra_dino3.png */; };
		4AAA04C31AEAB52000352ABA /* tela_inicio.png in Resources */ = {isa = PBXBuildFile; fileRef = 4AAA04981AEAB52000352ABA /* tela_inicio.png */; };
		4AAA04C61AEAB53000352ABA /* volume_off.png in Resources */ = {isa = PBXBuildFile; fileRef = 4AAA04C41AEAB53000352ABA /* volume_off.png */; };
		4ACC64931AF00943009E0056 /* InicioViewController.m in Sources */ = {isa = PBXBuildFile; fileRef = 4ACC64911AF00943009E0056 /* InicioViewController.m */; };
		4ACC64941AF00943009E0056 /* InicioViewController.xib in Resources */ = {isa = PBXBuildFile; fileRef = 4ACC64921AF00943009E0056 /* InicioViewController.xib */; };
		4ACC64981AF0098B009E0056 /* MenuFPViewController.m in Sources */ = {isa = PBXBuildFile; fileRef = 4ACC64961AF0098B009E0056 /* MenuFPViewController.m */; };
		4ACC64991AF0098B009E0056 /* MenuFPViewController.xib in Resources */ = {isa = PBXBuildFile; fileRef = 4ACC64971AF0098B009E0056 /* MenuFPViewController.xib */; };
		C406B0961AFCF09A00D0194E /* sombra_errada_dino1.png in Resources */ = {isa = PBXBuildFile; fileRef = C406B0931AFCF09A00D0194E /* sombra_errada_dino1.png */; };
		C406B0971AFCF09A00D0194E /* sombra_errada_dino2.png in Resources */ = {isa = PBXBuildFile; fileRef = C406B0941AFCF09A00D0194E /* sombra_errada_dino2.png */; };
		C406B0981AFCF09A00D0194E /* sombra_errada_dino3.png in Resources */ = {isa = PBXBuildFile; fileRef = C406B0951AFCF09A00D0194E /* sombra_errada_dino3.png */; };
		C406B09B1AFD00B900D0194E /* Settings.m in Sources */ = {isa = PBXBuildFile; fileRef = C406B09A1AFD00B900D0194E /* Settings.m */; };
		C461F7EB1AFD4D2200850881 /* Easy@2x.png in Resources */ = {isa = PBXBuildFile; fileRef = C461F7E71AFD4D2200850881 /* Easy@2x.png */; };
		C461F7EC1AFD4D2200850881 /* Hard@2x.png in Resources */ = {isa = PBXBuildFile; fileRef = C461F7E81AFD4D2200850881 /* Hard@2x.png */; };
		C461F7ED1AFD4D2200850881 /* Medium@2x.png in Resources */ = {isa = PBXBuildFile; fileRef = C461F7E91AFD4D2200850881 /* Medium@2x.png */; };
		C461F7EE1AFD4D2200850881 /* Play @2x.png in Resources */ = {isa = PBXBuildFile; fileRef = C461F7EA1AFD4D2200850881 /* Play @2x.png */; };
		C461F7F01AFD4DA600850881 /* voltar.png in Resources */ = {isa = PBXBuildFile; fileRef = C461F7EF1AFD4DA600850881 /* voltar.png */; };
		C461F7F61AFD537D00850881 /* volume_on.png in Resources */ = {isa = PBXBuildFile; fileRef = C461F7F51AFD537D00850881 /* volume_on.png */; };
/* End PBXBuildFile section */

/* Begin PBXContainerItemProxy section */
		4AAA04571AEAB4E900352ABA /* PBXContainerItemProxy */ = {
			isa = PBXContainerItemProxy;
			containerPortal = 4AAA043B1AEAB4E900352ABA /* Project object */;
			proxyType = 1;
			remoteGlobalIDString = 4AAA04421AEAB4E900352ABA;
			remoteInfo = DinoPuzzleKids;
		};
/* End PBXContainerItemProxy section */

/* Begin PBXFileReference section */
		4AAA04431AEAB4E900352ABA /* DinoPuzzleKids.app */ = {isa = PBXFileReference; explicitFileType = wrapper.application; includeInIndex = 0; path = DinoPuzzleKids.app; sourceTree = BUILT_PRODUCTS_DIR; };
		4AAA04471AEAB4E900352ABA /* Info.plist */ = {isa = PBXFileReference; lastKnownFileType = text.plist.xml; path = Info.plist; sourceTree = "<group>"; };
		4AAA04481AEAB4E900352ABA /* main.m */ = {isa = PBXFileReference; lastKnownFileType = sourcecode.c.objc; path = main.m; sourceTree = "<group>"; };
		4AAA044A1AEAB4E900352ABA /* AppDelegate.h */ = {isa = PBXFileReference; lastKnownFileType = sourcecode.c.h; path = AppDelegate.h; sourceTree = "<group>"; };
		4AAA044B1AEAB4E900352ABA /* AppDelegate.m */ = {isa = PBXFileReference; lastKnownFileType = sourcecode.c.objc; path = AppDelegate.m; sourceTree = "<group>"; };
		4AAA044D1AEAB4E900352ABA /* Images.xcassets */ = {isa = PBXFileReference; lastKnownFileType = folder.assetcatalog; path = Images.xcassets; sourceTree = "<group>"; };
		4AAA04501AEAB4E900352ABA /* Base */ = {isa = PBXFileReference; lastKnownFileType = file.xib; name = Base; path = Base.lproj/LaunchScreen.xib; sourceTree = "<group>"; };
		4AAA04561AEAB4E900352ABA /* DinoPuzzleKidsTests.xctest */ = {isa = PBXFileReference; explicitFileType = wrapper.cfbundle; includeInIndex = 0; path = DinoPuzzleKidsTests.xctest; sourceTree = BUILT_PRODUCTS_DIR; };
		4AAA045B1AEAB4E900352ABA /* Info.plist */ = {isa = PBXFileReference; lastKnownFileType = text.plist.xml; path = Info.plist; sourceTree = "<group>"; };
		4AAA045C1AEAB4E900352ABA /* DinoPuzzleKidsTests.m */ = {isa = PBXFileReference; lastKnownFileType = sourcecode.c.objc; path = DinoPuzzleKidsTests.m; sourceTree = "<group>"; };
		4AAA04661AEAB52000352ABA /* background.mp3 */ = {isa = PBXFileReference; lastKnownFileType = audio.mp3; name = background.mp3; path = DinoPuzzleKids/background.mp3; sourceTree = "<group>"; };
		4AAA04671AEAB52000352ABA /* base-@2x.png */ = {isa = PBXFileReference; lastKnownFileType = image.png; name = "base-@2x.png"; path = "DinoPuzzleKids/base-@2x.png"; sourceTree = "<group>"; };
		4AAA04691AEAB52000352ABA /* bot_b.png */ = {isa = PBXFileReference; lastKnownFileType = image.png; name = bot_b.png; path = DinoPuzzleKids/bot_b.png; sourceTree = "<group>"; };
		4AAA046A1AEAB52000352ABA /* bot_c.png */ = {isa = PBXFileReference; lastKnownFileType = image.png; name = bot_c.png; path = DinoPuzzleKids/bot_c.png; sourceTree = "<group>"; };
		4AAA046B1AEAB52000352ABA /* bot_d.png */ = {isa = PBXFileReference; lastKnownFileType = image.png; name = bot_d.png; path = DinoPuzzleKids/bot_d.png; sourceTree = "<group>"; };
		4AAA046C1AEAB52000352ABA /* bot_e.png */ = {isa = PBXFileReference; lastKnownFileType = image.png; name = bot_e.png; path = DinoPuzzleKids/bot_e.png; sourceTree = "<group>"; };
		4AAA046D1AEAB52000352ABA /* bot_g1.png */ = {isa = PBXFileReference; lastKnownFileType = image.png; name = bot_g1.png; path = DinoPuzzleKids/bot_g1.png; sourceTree = "<group>"; };
		4AAA046E1AEAB52000352ABA /* bot_g2.png */ = {isa = PBXFileReference; lastKnownFileType = image.png; name = bot_g2.png; path = DinoPuzzleKids/bot_g2.png; sourceTree = "<group>"; };
		4AAA046F1AEAB52000352ABA /* bot_reset.png */ = {isa = PBXFileReference; lastKnownFileType = image.png; name = bot_reset.png; path = DinoPuzzleKids/bot_reset.png; sourceTree = "<group>"; };
		4AAA04701AEAB52000352ABA /* cenario.png */ = {isa = PBXFileReference; lastKnownFileType = image.png; name = cenario.png; path = DinoPuzzleKids/cenario.png; sourceTree = "<group>"; };
		4AAA047E1AEAB52000352ABA /* dino1.png */ = {isa = PBXFileReference; lastKnownFileType = image.png; name = dino1.png; path = DinoPuzzleKids/dino1.png; sourceTree = "<group>"; };
		4AAA047F1AEAB52000352ABA /* dino2.png */ = {isa = PBXFileReference; lastKnownFileType = image.png; name = dino2.png; path = DinoPuzzleKids/dino2.png; sourceTree = "<group>"; };
		4AAA04801AEAB52000352ABA /* dino3.png */ = {isa = PBXFileReference; lastKnownFileType = image.png; name = dino3.png; path = DinoPuzzleKids/dino3.png; sourceTree = "<group>"; };
		4AAA04811AEAB52000352ABA /* encaixe.mp3 */ = {isa = PBXFileReference; lastKnownFileType = audio.mp3; name = encaixe.mp3; path = DinoPuzzleKids/encaixe.mp3; sourceTree = "<group>"; };
		4AAA04821AEAB52000352ABA /* foo.ttf */ = {isa = PBXFileReference; lastKnownFileType = file; name = foo.ttf; path = DinoPuzzleKids/foo.ttf; sourceTree = "<group>"; };
		4AAA04841AEAB52000352ABA /* IconeApp.png */ = {isa = PBXFileReference; lastKnownFileType = image.png; name = IconeApp.png; path = DinoPuzzleKids/IconeApp.png; sourceTree = "<group>"; };
		4AAA04881AEAB52000352ABA /* ImageViewController.h */ = {isa = PBXFileReference; fileEncoding = 4; lastKnownFileType = sourcecode.c.h; name = ImageViewController.h; path = DinoPuzzleKids/ImageViewController.h; sourceTree = "<group>"; };
		4AAA04891AEAB52000352ABA /* ImageViewController.m */ = {isa = PBXFileReference; fileEncoding = 4; lastKnownFileType = sourcecode.c.objc; name = ImageViewController.m; path = DinoPuzzleKids/ImageViewController.m; sourceTree = "<group>"; };
		4AAA048A1AEAB52000352ABA /* ImageViewController.xib */ = {isa = PBXFileReference; fileEncoding = 4; lastKnownFileType = file.xib; name = ImageViewController.xib; path = DinoPuzzleKids/ImageViewController.xib; sourceTree = "<group>"; };
		4AAA04901AEAB52000352ABA /* logo 4.png */ = {isa = PBXFileReference; lastKnownFileType = image.png; name = "logo 4.png"; path = "DinoPuzzleKids/logo 4.png"; sourceTree = "<group>"; };
		4AAA04941AEAB52000352ABA /* sombra_dino1.png */ = {isa = PBXFileReference; lastKnownFileType = image.png; name = sombra_dino1.png; path = DinoPuzzleKids/sombra_dino1.png; sourceTree = "<group>"; };
		4AAA04951AEAB52000352ABA /* sombra_dino2.png */ = {isa = PBXFileReference; lastKnownFileType = image.png; name = sombra_dino2.png; path = DinoPuzzleKids/sombra_dino2.png; sourceTree = "<group>"; };
		4AAA04961AEAB52000352ABA /* sombra_dino3.png */ = {isa = PBXFileReference; lastKnownFileType = image.png; name = sombra_dino3.png; path = DinoPuzzleKids/sombra_dino3.png; sourceTree = "<group>"; };
		4AAA04981AEAB52000352ABA /* tela_inicio.png */ = {isa = PBXFileReference; lastKnownFileType = image.png; name = tela_inicio.png; path = DinoPuzzleKids/tela_inicio.png; sourceTree = "<group>"; };
		4AAA04C41AEAB53000352ABA /* volume_off.png */ = {isa = PBXFileReference; lastKnownFileType = image.png; name = volume_off.png; path = DinoPuzzleKids/volume_off.png; sourceTree = "<group>"; };
		4ACC64901AF00943009E0056 /* InicioViewController.h */ = {isa = PBXFileReference; fileEncoding = 4; lastKnownFileType = sourcecode.c.h; path = InicioViewController.h; sourceTree = "<group>"; };
		4ACC64911AF00943009E0056 /* InicioViewController.m */ = {isa = PBXFileReference; fileEncoding = 4; lastKnownFileType = sourcecode.c.objc; path = InicioViewController.m; sourceTree = "<group>"; };
		4ACC64921AF00943009E0056 /* InicioViewController.xib */ = {isa = PBXFileReference; fileEncoding = 4; lastKnownFileType = file.xib; path = InicioViewController.xib; sourceTree = "<group>"; };
		4ACC64951AF0098B009E0056 /* MenuFPViewController.h */ = {isa = PBXFileReference; fileEncoding = 4; lastKnownFileType = sourcecode.c.h; path = MenuFPViewController.h; sourceTree = "<group>"; };
		4ACC64961AF0098B009E0056 /* MenuFPViewController.m */ = {isa = PBXFileReference; fileEncoding = 4; lastKnownFileType = sourcecode.c.objc; path = MenuFPViewController.m; sourceTree = "<group>"; };
		4ACC64971AF0098B009E0056 /* MenuFPViewController.xib */ = {isa = PBXFileReference; fileEncoding = 4; lastKnownFileType = file.xib; path = MenuFPViewController.xib; sourceTree = "<group>"; };
		C406B0931AFCF09A00D0194E /* sombra_errada_dino1.png */ = {isa = PBXFileReference; lastKnownFileType = image.png; name = sombra_errada_dino1.png; path = DinoPuzzleKids/sombra_errada_dino1.png; sourceTree = "<group>"; };
		C406B0941AFCF09A00D0194E /* sombra_errada_dino2.png */ = {isa = PBXFileReference; lastKnownFileType = image.png; name = sombra_errada_dino2.png; path = DinoPuzzleKids/sombra_errada_dino2.png; sourceTree = "<group>"; };
		C406B0951AFCF09A00D0194E /* sombra_errada_dino3.png */ = {isa = PBXFileReference; lastKnownFileType = image.png; name = sombra_errada_dino3.png; path = DinoPuzzleKids/sombra_errada_dino3.png; sourceTree = "<group>"; };
		C406B0991AFD00B900D0194E /* Settings.h */ = {isa = PBXFileReference; fileEncoding = 4; lastKnownFileType = sourcecode.c.h; path = Settings.h; sourceTree = "<group>"; };
		C406B09A1AFD00B900D0194E /* Settings.m */ = {isa = PBXFileReference; fileEncoding = 4; lastKnownFileType = sourcecode.c.objc; path = Settings.m; sourceTree = "<group>"; };
		C461F7E71AFD4D2200850881 /* Easy@2x.png */ = {isa = PBXFileReference; lastKnownFileType = image.png; path = "Easy@2x.png"; sourceTree = "<group>"; };
		C461F7E81AFD4D2200850881 /* Hard@2x.png */ = {isa = PBXFileReference; lastKnownFileType = image.png; path = "Hard@2x.png"; sourceTree = "<group>"; };
		C461F7E91AFD4D2200850881 /* Medium@2x.png */ = {isa = PBXFileReference; lastKnownFileType = image.png; path = "Medium@2x.png"; sourceTree = "<group>"; };
		C461F7EA1AFD4D2200850881 /* Play @2x.png */ = {isa = PBXFileReference; lastKnownFileType = image.png; path = "Play @2x.png"; sourceTree = "<group>"; };
		C461F7EF1AFD4DA600850881 /* voltar.png */ = {isa = PBXFileReference; lastKnownFileType = image.png; path = voltar.png; sourceTree = "<group>"; };
		C461F7F51AFD537D00850881 /* volume_on.png */ = {isa = PBXFileReference; lastKnownFileType = image.png; name = volume_on.png; path = DinoPuzzleKids/volume_on.png; sourceTree = "<group>"; };
/* End PBXFileReference section */

/* Begin PBXFrameworksBuildPhase section */
		4AAA04401AEAB4E900352ABA /* Frameworks */ = {
			isa = PBXFrameworksBuildPhase;
			buildActionMask = 2147483647;
			files = (
			);
			runOnlyForDeploymentPostprocessing = 0;
		};
		4AAA04531AEAB4E900352ABA /* Frameworks */ = {
			isa = PBXFrameworksBuildPhase;
			buildActionMask = 2147483647;
			files = (
			);
			runOnlyForDeploymentPostprocessing = 0;
		};
/* End PBXFrameworksBuildPhase section */

/* Begin PBXGroup section */
		4AAA043A1AEAB4E900352ABA = {
			isa = PBXGroup;
			children = (
				C406B0991AFD00B900D0194E /* Settings.h */,
				C406B09A1AFD00B900D0194E /* Settings.m */,
				4ACC649A1AF00997009E0056 /* MenuFPViewController */,
				4ACC64821AEFF761009E0056 /* Sons */,
				4ACC64831AEFF77C009E0056 /* Base */,
				4ACC64871AEFF7E9009E0056 /* Botões */,
				4ACC648A1AEFF7FF009E0056 /* Personagens */,
				4ACC64841AEFF79B009E0056 /* FreePlay */,
				4ACC64851AEFF7A5009E0056 /* InicioViewController */,
				4AAA04821AEAB52000352ABA /* foo.ttf */,
				4AAA04451AEAB4E900352ABA /* DinoPuzzleKids */,
				4AAA04591AEAB4E900352ABA /* DinoPuzzleKidsTests */,
				4AAA04441AEAB4E900352ABA /* Products */,
			);
			sourceTree = "<group>";
		};
		4AAA04441AEAB4E900352ABA /* Products */ = {
			isa = PBXGroup;
			children = (
				4AAA04431AEAB4E900352ABA /* DinoPuzzleKids.app */,
				4AAA04561AEAB4E900352ABA /* DinoPuzzleKidsTests.xctest */,
			);
			name = Products;
			sourceTree = "<group>";
		};
		4AAA04451AEAB4E900352ABA /* DinoPuzzleKids */ = {
			isa = PBXGroup;
			children = (
				4AAA044A1AEAB4E900352ABA /* AppDelegate.h */,
				4AAA044B1AEAB4E900352ABA /* AppDelegate.m */,
				4AAA044D1AEAB4E900352ABA /* Images.xcassets */,
				4AAA044F1AEAB4E900352ABA /* LaunchScreen.xib */,
				4AAA04461AEAB4E900352ABA /* Supporting Files */,
			);
			path = DinoPuzzleKids;
			sourceTree = "<group>";
		};
		4AAA04461AEAB4E900352ABA /* Supporting Files */ = {
			isa = PBXGroup;
			children = (
				4AAA04471AEAB4E900352ABA /* Info.plist */,
				4AAA04481AEAB4E900352ABA /* main.m */,
			);
			name = "Supporting Files";
			sourceTree = "<group>";
		};
		4AAA04591AEAB4E900352ABA /* DinoPuzzleKidsTests */ = {
			isa = PBXGroup;
			children = (
				4AAA045C1AEAB4E900352ABA /* DinoPuzzleKidsTests.m */,
				4AAA045A1AEAB4E900352ABA /* Supporting Files */,
			);
			path = DinoPuzzleKidsTests;
			sourceTree = "<group>";
		};
		4AAA045A1AEAB4E900352ABA /* Supporting Files */ = {
			isa = PBXGroup;
			children = (
				4AAA045B1AEAB4E900352ABA /* Info.plist */,
			);
			name = "Supporting Files";
			sourceTree = "<group>";
		};
		4ACC64821AEFF761009E0056 /* Sons */ = {
			isa = PBXGroup;
			children = (
				4AAA04661AEAB52000352ABA /* background.mp3 */,
				4AAA04811AEAB52000352ABA /* encaixe.mp3 */,
			);
			name = Sons;
			sourceTree = "<group>";
		};
		4ACC64831AEFF77C009E0056 /* Base */ = {
			isa = PBXGroup;
			children = (
				4AAA04841AEAB52000352ABA /* IconeApp.png */,
				4AAA04901AEAB52000352ABA /* logo 4.png */,
				4AAA04981AEAB52000352ABA /* tela_inicio.png */,
				4AAA04671AEAB52000352ABA /* base-@2x.png */,
				4AAA04701AEAB52000352ABA /* cenario.png */,
			);
			name = Base;
			sourceTree = "<group>";
		};
		4ACC64841AEFF79B009E0056 /* FreePlay */ = {
			isa = PBXGroup;
			children = (
				4AAA04881AEAB52000352ABA /* ImageViewController.h */,
				4AAA04891AEAB52000352ABA /* ImageViewController.m */,
				4AAA048A1AEAB52000352ABA /* ImageViewController.xib */,
			);
			name = FreePlay;
			sourceTree = "<group>";
		};
		4ACC64851AEFF7A5009E0056 /* InicioViewController */ = {
			isa = PBXGroup;
			children = (
				4ACC64901AF00943009E0056 /* InicioViewController.h */,
				4ACC64911AF00943009E0056 /* InicioViewController.m */,
				4ACC64921AF00943009E0056 /* InicioViewController.xib */,
			);
			name = InicioViewController;
			sourceTree = "<group>";
		};
		4ACC64861AEFF7D4009E0056 /* Bot_Som */ = {
			isa = PBXGroup;
			children = (
				C461F7F51AFD537D00850881 /* volume_on.png */,
				4AAA04C41AEAB53000352ABA /* volume_off.png */,
			);
			name = Bot_Som;
			sourceTree = "<group>";
		};
		4ACC64871AEFF7E9009E0056 /* Botões */ = {
			isa = PBXGroup;
			children = (
				C461F7E71AFD4D2200850881 /* Easy@2x.png */,
				C461F7E81AFD4D2200850881 /* Hard@2x.png */,
				C461F7E91AFD4D2200850881 /* Medium@2x.png */,
				C461F7EA1AFD4D2200850881 /* Play @2x.png */,
				C461F7EF1AFD4DA600850881 /* voltar.png */,
				4ACC64861AEFF7D4009E0056 /* Bot_Som */,
				4AAA04691AEAB52000352ABA /* bot_b.png */,
				4AAA046A1AEAB52000352ABA /* bot_c.png */,
				4AAA046B1AEAB52000352ABA /* bot_d.png */,
				4AAA046C1AEAB52000352ABA /* bot_e.png */,
				4AAA046D1AEAB52000352ABA /* bot_g1.png */,
				4AAA046E1AEAB52000352ABA /* bot_g2.png */,
				4AAA046F1AEAB52000352ABA /* bot_reset.png */,
			);
			name = "Botões";
			sourceTree = "<group>";
		};
		4ACC64881AEFF7F1009E0056 /* Dinos */ = {
			isa = PBXGroup;
			children = (
				4AAA047E1AEAB52000352ABA /* dino1.png */,
				4AAA047F1AEAB52000352ABA /* dino2.png */,
				4AAA04801AEAB52000352ABA /* dino3.png */,
			);
			name = Dinos;
			sourceTree = "<group>";
		};
		4ACC64891AEFF7F9009E0056 /* Sombras */ = {
			isa = PBXGroup;
			children = (
				C406B0931AFCF09A00D0194E /* sombra_errada_dino1.png */,
				C406B0941AFCF09A00D0194E /* sombra_errada_dino2.png */,
				C406B0951AFCF09A00D0194E /* sombra_errada_dino3.png */,
				4AAA04941AEAB52000352ABA /* sombra_dino1.png */,
				4AAA04951AEAB52000352ABA /* sombra_dino2.png */,
				4AAA04961AEAB52000352ABA /* sombra_dino3.png */,
			);
			name = Sombras;
			sourceTree = "<group>";
		};
		4ACC648A1AEFF7FF009E0056 /* Personagens */ = {
			isa = PBXGroup;
			children = (
				4ACC64881AEFF7F1009E0056 /* Dinos */,
				4ACC64891AEFF7F9009E0056 /* Sombras */,
			);
			name = Personagens;
			sourceTree = "<group>";
		};
		4ACC649A1AF00997009E0056 /* MenuFPViewController */ = {
			isa = PBXGroup;
			children = (
				4ACC64951AF0098B009E0056 /* MenuFPViewController.h */,
				4ACC64961AF0098B009E0056 /* MenuFPViewController.m */,
				4ACC64971AF0098B009E0056 /* MenuFPViewController.xib */,
			);
			name = MenuFPViewController;
			sourceTree = "<group>";
		};
/* End PBXGroup section */

/* Begin PBXNativeTarget section */
		4AAA04421AEAB4E900352ABA /* DinoPuzzleKids */ = {
			isa = PBXNativeTarget;
			buildConfigurationList = 4AAA04601AEAB4E900352ABA /* Build configuration list for PBXNativeTarget "DinoPuzzleKids" */;
			buildPhases = (
				4AAA043F1AEAB4E900352ABA /* Sources */,
				4AAA04401AEAB4E900352ABA /* Frameworks */,
				4AAA04411AEAB4E900352ABA /* Resources */,
			);
			buildRules = (
			);
			dependencies = (
			);
			name = DinoPuzzleKids;
			productName = DinoPuzzleKids;
			productReference = 4AAA04431AEAB4E900352ABA /* DinoPuzzleKids.app */;
			productType = "com.apple.product-type.application";
		};
		4AAA04551AEAB4E900352ABA /* DinoPuzzleKidsTests */ = {
			isa = PBXNativeTarget;
			buildConfigurationList = 4AAA04631AEAB4E900352ABA /* Build configuration list for PBXNativeTarget "DinoPuzzleKidsTests" */;
			buildPhases = (
				4AAA04521AEAB4E900352ABA /* Sources */,
				4AAA04531AEAB4E900352ABA /* Frameworks */,
				4AAA04541AEAB4E900352ABA /* Resources */,
			);
			buildRules = (
			);
			dependencies = (
				4AAA04581AEAB4E900352ABA /* PBXTargetDependency */,
			);
			name = DinoPuzzleKidsTests;
			productName = DinoPuzzleKidsTests;
			productReference = 4AAA04561AEAB4E900352ABA /* DinoPuzzleKidsTests.xctest */;
			productType = "com.apple.product-type.bundle.unit-test";
		};
/* End PBXNativeTarget section */

/* Begin PBXProject section */
		4AAA043B1AEAB4E900352ABA /* Project object */ = {
			isa = PBXProject;
			attributes = {
				LastUpgradeCheck = 0630;
				ORGANIZATIONNAME = "Murilo Gasparetto";
				TargetAttributes = {
					4AAA04421AEAB4E900352ABA = {
						CreatedOnToolsVersion = 6.3;
					};
					4AAA04551AEAB4E900352ABA = {
						CreatedOnToolsVersion = 6.3;
						TestTargetID = 4AAA04421AEAB4E900352ABA;
					};
				};
			};
			buildConfigurationList = 4AAA043E1AEAB4E900352ABA /* Build configuration list for PBXProject "DinoPuzzleKids" */;
			compatibilityVersion = "Xcode 3.2";
			developmentRegion = English;
			hasScannedForEncodings = 0;
			knownRegions = (
				en,
				Base,
			);
			mainGroup = 4AAA043A1AEAB4E900352ABA;
			productRefGroup = 4AAA04441AEAB4E900352ABA /* Products */;
			projectDirPath = "";
			projectRoot = "";
			targets = (
				4AAA04421AEAB4E900352ABA /* DinoPuzzleKids */,
				4AAA04551AEAB4E900352ABA /* DinoPuzzleKidsTests */,
			);
		};
/* End PBXProject section */

/* Begin PBXResourcesBuildPhase section */
		4AAA04411AEAB4E900352ABA /* Resources */ = {
			isa = PBXResourcesBuildPhase;
			buildActionMask = 2147483647;
			files = (
				4AAA04B61AEAB52000352ABA /* ImageViewController.xib in Resources */,
				4AAA04511AEAB4E900352ABA /* LaunchScreen.xib in Resources */,
				4AAA04C01AEAB52000352ABA /* sombra_dino2.png in Resources */,
				4AAA049F1AEAB52000352ABA /* bot_e.png in Resources */,
				4AAA04BF1AEAB52000352ABA /* sombra_dino1.png in Resources */,
				4AAA049D1AEAB52000352ABA /* bot_c.png in Resources */,
				4AAA04B11AEAB52000352ABA /* IconeApp.png in Resources */,
				C461F7EB1AFD4D2200850881 /* Easy@2x.png in Resources */,
				C461F7F61AFD537D00850881 /* volume_on.png in Resources */,
				C461F7ED1AFD4D2200850881 /* Medium@2x.png in Resources */,
				4AAA04AE1AEAB52000352ABA /* encaixe.mp3 in Resources */,
				4AAA04AB1AEAB52000352ABA /* dino1.png in Resources */,
				4AAA04AD1AEAB52000352ABA /* dino3.png in Resources */,
				4AAA04C61AEAB53000352ABA /* volume_off.png in Resources */,
				4AAA049C1AEAB52000352ABA /* bot_b.png in Resources */,
				4AAA04C31AEAB52000352ABA /* tela_inicio.png in Resources */,
				4AAA04AF1AEAB52000352ABA /* foo.ttf in Resources */,
				C406B0961AFCF09A00D0194E /* sombra_errada_dino1.png in Resources */,
				C461F7EE1AFD4D2200850881 /* Play @2x.png in Resources */,
				4AAA049E1AEAB52000352ABA /* bot_d.png in Resources */,
				4AAA04AC1AEAB52000352ABA /* dino2.png in Resources */,
				4AAA04C11AEAB52000352ABA /* sombra_dino3.png in Resources */,
				4AAA049A1AEAB52000352ABA /* base-@2x.png in Resources */,
				4ACC64991AF0098B009E0056 /* MenuFPViewController.xib in Resources */,
				4AAA04A21AEAB52000352ABA /* bot_reset.png in Resources */,
				4AAA04991AEAB52000352ABA /* background.mp3 in Resources */,
				C461F7F01AFD4DA600850881 /* voltar.png in Resources */,
				C406B0981AFCF09A00D0194E /* sombra_errada_dino3.png in Resources */,
				C406B0971AFCF09A00D0194E /* sombra_errada_dino2.png in Resources */,
				4AAA04A11AEAB52000352ABA /* bot_g2.png in Resources */,
				4ACC64941AF00943009E0056 /* InicioViewController.xib in Resources */,
				4AAA044E1AEAB4E900352ABA /* Images.xcassets in Resources */,
				4AAA04A31AEAB52000352ABA /* cenario.png in Resources */,
				4AAA04BB1AEAB52000352ABA /* logo 4.png in Resources */,
				4AAA04A01AEAB52000352ABA /* bot_g1.png in Resources */,
				C461F7EC1AFD4D2200850881 /* Hard@2x.png in Resources */,
			);
			runOnlyForDeploymentPostprocessing = 0;
		};
		4AAA04541AEAB4E900352ABA /* Resources */ = {
			isa = PBXResourcesBuildPhase;
			buildActionMask = 2147483647;
			files = (
			);
			runOnlyForDeploymentPostprocessing = 0;
		};
/* End PBXResourcesBuildPhase section */

/* Begin PBXSourcesBuildPhase section */
		4AAA043F1AEAB4E900352ABA /* Sources */ = {
			isa = PBXSourcesBuildPhase;
			buildActionMask = 2147483647;
			files = (
				4AAA044C1AEAB4E900352ABA /* AppDelegate.m in Sources */,
				4AAA04491AEAB4E900352ABA /* main.m in Sources */,
				C406B09B1AFD00B900D0194E /* Settings.m in Sources */,
				4ACC64981AF0098B009E0056 /* MenuFPViewController.m in Sources */,
				4AAA04B51AEAB52000352ABA /* ImageViewController.m in Sources */,
				4ACC64931AF00943009E0056 /* InicioViewController.m in Sources */,
			);
			runOnlyForDeploymentPostprocessing = 0;
		};
		4AAA04521AEAB4E900352ABA /* Sources */ = {
			isa = PBXSourcesBuildPhase;
			buildActionMask = 2147483647;
			files = (
				4AAA045D1AEAB4E900352ABA /* DinoPuzzleKidsTests.m in Sources */,
			);
			runOnlyForDeploymentPostprocessing = 0;
		};
/* End PBXSourcesBuildPhase section */

/* Begin PBXTargetDependency section */
		4AAA04581AEAB4E900352ABA /* PBXTargetDependency */ = {
			isa = PBXTargetDependency;
			target = 4AAA04421AEAB4E900352ABA /* DinoPuzzleKids */;
			targetProxy = 4AAA04571AEAB4E900352ABA /* PBXContainerItemProxy */;
		};
/* End PBXTargetDependency section */

/* Begin PBXVariantGroup section */
		4AAA044F1AEAB4E900352ABA /* LaunchScreen.xib */ = {
			isa = PBXVariantGroup;
			children = (
				4AAA04501AEAB4E900352ABA /* Base */,
			);
			name = LaunchScreen.xib;
			sourceTree = "<group>";
		};
/* End PBXVariantGroup section */

/* Begin XCBuildConfiguration section */
		4AAA045E1AEAB4E900352ABA /* Debug */ = {
			isa = XCBuildConfiguration;
			buildSettings = {
				ALWAYS_SEARCH_USER_PATHS = NO;
				CLANG_CXX_LANGUAGE_STANDARD = "gnu++0x";
				CLANG_CXX_LIBRARY = "libc++";
				CLANG_ENABLE_MODULES = YES;
				CLANG_ENABLE_OBJC_ARC = YES;
				CLANG_WARN_BOOL_CONVERSION = YES;
				CLANG_WARN_CONSTANT_CONVERSION = YES;
				CLANG_WARN_DIRECT_OBJC_ISA_USAGE = YES_ERROR;
				CLANG_WARN_EMPTY_BODY = YES;
				CLANG_WARN_ENUM_CONVERSION = YES;
				CLANG_WARN_INT_CONVERSION = YES;
				CLANG_WARN_OBJC_ROOT_CLASS = YES_ERROR;
				CLANG_WARN_UNREACHABLE_CODE = YES;
				CLANG_WARN__DUPLICATE_METHOD_MATCH = YES;
				"CODE_SIGN_IDENTITY[sdk=iphoneos*]" = "iPhone Developer";
				COPY_PHASE_STRIP = NO;
				DEBUG_INFORMATION_FORMAT = "dwarf-with-dsym";
				ENABLE_STRICT_OBJC_MSGSEND = YES;
				GCC_C_LANGUAGE_STANDARD = gnu99;
				GCC_DYNAMIC_NO_PIC = NO;
				GCC_NO_COMMON_BLOCKS = YES;
				GCC_OPTIMIZATION_LEVEL = 0;
				GCC_PREPROCESSOR_DEFINITIONS = (
					"DEBUG=1",
					"$(inherited)",
				);
				GCC_SYMBOLS_PRIVATE_EXTERN = NO;
				GCC_WARN_64_TO_32_BIT_CONVERSION = YES;
				GCC_WARN_ABOUT_RETURN_TYPE = YES_ERROR;
				GCC_WARN_UNDECLARED_SELECTOR = YES;
				GCC_WARN_UNINITIALIZED_AUTOS = YES_AGGRESSIVE;
				GCC_WARN_UNUSED_FUNCTION = YES;
				GCC_WARN_UNUSED_VARIABLE = YES;
				IPHONEOS_DEPLOYMENT_TARGET = 8.3;
				MTL_ENABLE_DEBUG_INFO = YES;
				ONLY_ACTIVE_ARCH = YES;
				SDKROOT = iphoneos;
			};
			name = Debug;
		};
		4AAA045F1AEAB4E900352ABA /* Release */ = {
			isa = XCBuildConfiguration;
			buildSettings = {
				ALWAYS_SEARCH_USER_PATHS = NO;
				CLANG_CXX_LANGUAGE_STANDARD = "gnu++0x";
				CLANG_CXX_LIBRARY = "libc++";
				CLANG_ENABLE_MODULES = YES;
				CLANG_ENABLE_OBJC_ARC = YES;
				CLANG_WARN_BOOL_CONVERSION = YES;
				CLANG_WARN_CONSTANT_CONVERSION = YES;
				CLANG_WARN_DIRECT_OBJC_ISA_USAGE = YES_ERROR;
				CLANG_WARN_EMPTY_BODY = YES;
				CLANG_WARN_ENUM_CONVERSION = YES;
				CLANG_WARN_INT_CONVERSION = YES;
				CLANG_WARN_OBJC_ROOT_CLASS = YES_ERROR;
				CLANG_WARN_UNREACHABLE_CODE = YES;
				CLANG_WARN__DUPLICATE_METHOD_MATCH = YES;
				"CODE_SIGN_IDENTITY[sdk=iphoneos*]" = "iPhone Developer";
				COPY_PHASE_STRIP = NO;
				DEBUG_INFORMATION_FORMAT = "dwarf-with-dsym";
				ENABLE_NS_ASSERTIONS = NO;
				ENABLE_STRICT_OBJC_MSGSEND = YES;
				GCC_C_LANGUAGE_STANDARD = gnu99;
				GCC_NO_COMMON_BLOCKS = YES;
				GCC_WARN_64_TO_32_BIT_CONVERSION = YES;
				GCC_WARN_ABOUT_RETURN_TYPE = YES_ERROR;
				GCC_WARN_UNDECLARED_SELECTOR = YES;
				GCC_WARN_UNINITIALIZED_AUTOS = YES_AGGRESSIVE;
				GCC_WARN_UNUSED_FUNCTION = YES;
				GCC_WARN_UNUSED_VARIABLE = YES;
				IPHONEOS_DEPLOYMENT_TARGET = 8.3;
				MTL_ENABLE_DEBUG_INFO = NO;
				SDKROOT = iphoneos;
				VALIDATE_PRODUCT = YES;
			};
			name = Release;
		};
		4AAA04611AEAB4E900352ABA /* Debug */ = {
			isa = XCBuildConfiguration;
			buildSettings = {
				ASSETCATALOG_COMPILER_APPICON_NAME = AppIcon;
				ASSETCATALOG_COMPILER_LAUNCHIMAGE_NAME = LaunchImage;
				INFOPLIST_FILE = DinoPuzzleKids/Info.plist;
				IPHONEOS_DEPLOYMENT_TARGET = 7.0;
				LD_RUNPATH_SEARCH_PATHS = "$(inherited) @executable_path/Frameworks";
				PRODUCT_NAME = "$(TARGET_NAME)";
			};
			name = Debug;
		};
		4AAA04621AEAB4E900352ABA /* Release */ = {
			isa = XCBuildConfiguration;
			buildSettings = {
				ASSETCATALOG_COMPILER_APPICON_NAME = AppIcon;
				ASSETCATALOG_COMPILER_LAUNCHIMAGE_NAME = LaunchImage;
				INFOPLIST_FILE = DinoPuzzleKids/Info.plist;
				IPHONEOS_DEPLOYMENT_TARGET = 7.0;
				LD_RUNPATH_SEARCH_PATHS = "$(inherited) @executable_path/Frameworks";
				PRODUCT_NAME = "$(TARGET_NAME)";
			};
			name = Release;
		};
		4AAA04641AEAB4E900352ABA /* Debug */ = {
			isa = XCBuildConfiguration;
			buildSettings = {
				BUNDLE_LOADER = "$(TEST_HOST)";
				FRAMEWORK_SEARCH_PATHS = (
					"$(SDKROOT)/Developer/Library/Frameworks",
					"$(inherited)",
				);
				GCC_PREPROCESSOR_DEFINITIONS = (
					"DEBUG=1",
					"$(inherited)",
				);
				INFOPLIST_FILE = DinoPuzzleKidsTests/Info.plist;
				LD_RUNPATH_SEARCH_PATHS = "$(inherited) @executable_path/Frameworks @loader_path/Frameworks";
				PRODUCT_NAME = "$(TARGET_NAME)";
				TEST_HOST = "$(BUILT_PRODUCTS_DIR)/DinoPuzzleKids.app/DinoPuzzleKids";
			};
			name = Debug;
		};
		4AAA04651AEAB4E900352ABA /* Release */ = {
			isa = XCBuildConfiguration;
			buildSettings = {
				BUNDLE_LOADER = "$(TEST_HOST)";
				FRAMEWORK_SEARCH_PATHS = (
					"$(SDKROOT)/Developer/Library/Frameworks",
					"$(inherited)",
				);
				INFOPLIST_FILE = DinoPuzzleKidsTests/Info.plist;
				LD_RUNPATH_SEARCH_PATHS = "$(inherited) @executable_path/Frameworks @loader_path/Frameworks";
				PRODUCT_NAME = "$(TARGET_NAME)";
				TEST_HOST = "$(BUILT_PRODUCTS_DIR)/DinoPuzzleKids.app/DinoPuzzleKids";
			};
			name = Release;
		};
/* End XCBuildConfiguration section */

/* Begin XCConfigurationList section */
		4AAA043E1AEAB4E900352ABA /* Build configuration list for PBXProject "DinoPuzzleKids" */ = {
			isa = XCConfigurationList;
			buildConfigurations = (
				4AAA045E1AEAB4E900352ABA /* Debug */,
				4AAA045F1AEAB4E900352ABA /* Release */,
			);
			defaultConfigurationIsVisible = 0;
			defaultConfigurationName = Release;
		};
		4AAA04601AEAB4E900352ABA /* Build configuration list for PBXNativeTarget "DinoPuzzleKids" */ = {
			isa = XCConfigurationList;
			buildConfigurations = (
				4AAA04611AEAB4E900352ABA /* Debug */,
				4AAA04621AEAB4E900352ABA /* Release */,
			);
			defaultConfigurationIsVisible = 0;
			defaultConfigurationName = Release;
		};
		4AAA04631AEAB4E900352ABA /* Build configuration list for PBXNativeTarget "DinoPuzzleKidsTests" */ = {
			isa = XCConfigurationList;
			buildConfigurations = (
				4AAA04641AEAB4E900352ABA /* Debug */,
				4AAA04651AEAB4E900352ABA /* Release */,
			);
			defaultConfigurationIsVisible = 0;
			defaultConfigurationName = Release;
		};
/* End XCConfigurationList section */
	};
	rootObject = 4AAA043B1AEAB4E900352ABA /* Project object */;
}
